<Solution>
  <Folder Name="/src/">
    <Project Path="src/EmergencyCart.API/EmergencyCart.API.csproj" />
    <Project Path="src/EmergencyCart.Application/EmergencyCart.Application.csproj" />
    <Project Path="src/EmergencyCart.Domain/EmergencyCart.Domain.csproj" />
    <Project Path="src/EmergencyCart.Infrastructure/EmergencyCart.Infrastructure.csproj" />
  </Folder>
  <Folder Name="/test/" />
</Solution>
